// !$*UTF8*$!
{
	archiveVersion = 1;
	classes = {
	};
	objectVersion = 46;
	objects = {

/* Begin PBXBuildFile section */
		20C85BC81C30F7280008AA9A /* libpython3.5.dylib in Frameworks */ = {isa = PBXBuildFile; fileRef = 20C85BC71C30F7280008AA9A /* libpython3.5.dylib */; };
		20C85BCB1C30F7650008AA9A /* noddymodule.c in Sources */ = {isa = PBXBuildFile; fileRef = 20C85BCA1C30F7650008AA9A /* noddymodule.c */; };
		20C85BD51C3242C00008AA9A /* libpython3.5.dylib in Frameworks */ = {isa = PBXBuildFile; fileRef = 20C85BC71C30F7280008AA9A /* libpython3.5.dylib */; };
		20C85BD71C3243130008AA9A /* shoddymodule.c in Sources */ = {isa = PBXBuildFile; fileRef = 20C85BD61C3243130008AA9A /* shoddymodule.c */; };
/* End PBXBuildFile section */

/* Begin PBXFileReference section */
		20C85BBF1C30F6B70008AA9A /* noddy.so */ = {isa = PBXFileReference; explicitFileType = "compiled.mach-o.dylib"; includeInIndex = 0; path = noddy.so; sourceTree = BUILT_PRODUCTS_DIR; };
		20C85BC71C30F7280008AA9A /* libpython3.5.dylib */ = {isa = PBXFileReference; lastKnownFileType = "compiled.mach-o.dylib"; name = libpython3.5.dylib; path = /usr/local/Cellar/python3/3.5.1/Frameworks/Python.framework/Versions/3.5/lib/libpython3.5.dylib; sourceTree = "<absolute>"; };
		20C85BCA1C30F7650008AA9A /* noddymodule.c */ = {isa = PBXFileReference; fileEncoding = 4; lastKnownFileType = sourcecode.c.c; path = noddymodule.c; sourceTree = "<group>"; };
		20C85BD01C32427E0008AA9A /* shoddy.so */ = {isa = PBXFileReference; explicitFileType = "compiled.mach-o.dylib"; includeInIndex = 0; path = shoddy.so; sourceTree = BUILT_PRODUCTS_DIR; };
		20C85BD61C3243130008AA9A /* shoddymodule.c */ = {isa = PBXFileReference; fileEncoding = 4; lastKnownFileType = sourcecode.c.c; path = shoddymodule.c; sourceTree = "<group>"; };
/* End PBXFileReference section */

/* Begin PBXFrameworksBuildPhase section */
		20C85BBC1C30F6B70008AA9A /* Frameworks */ = {
			isa = PBXFrameworksBuildPhase;
			buildActionMask = 2147483647;
			files = (
				20C85BC81C30F7280008AA9A /* libpython3.5.dylib in Frameworks */,
			);
			runOnlyForDeploymentPostprocessing = 0;
		};
		20C85BCD1C32427E0008AA9A /* Frameworks */ = {
			isa = PBXFrameworksBuildPhase;
			buildActionMask = 2147483647;
			files = (
				20C85BD51C3242C00008AA9A /* libpython3.5.dylib in Frameworks */,
			);
			runOnlyForDeploymentPostprocessing = 0;
		};
/* End PBXFrameworksBuildPhase section */

/* Begin PBXGroup section */
		20C85BB61C30F6B70008AA9A = {
			isa = PBXGroup;
			children = (
				20C85BC61C30F6C00008AA9A /* noddy */,
				20C85BD41C3242A50008AA9A /* shoddy */,
				20C85BC91C30F72E0008AA9A /* Frameworks */,
				20C85BC01C30F6B70008AA9A /* Products */,
			);
			sourceTree = "<group>";
		};
		20C85BC01C30F6B70008AA9A /* Products */ = {
			isa = PBXGroup;
			children = (
				20C85BBF1C30F6B70008AA9A /* noddy.so */,
				20C85BD01C32427E0008AA9A /* shoddy.so */,
			);
			name = Products;
			sourceTree = "<group>";
		};
		20C85BC61C30F6C00008AA9A /* noddy */ = {
			isa = PBXGroup;
			children = (
				20C85BCA1C30F7650008AA9A /* noddymodule.c */,
			);
			name = noddy;
			sourceTree = "<group>";
		};
		20C85BC91C30F72E0008AA9A /* Frameworks */ = {
			isa = PBXGroup;
			children = (
				20C85BC71C30F7280008AA9A /* libpython3.5.dylib */,
			);
			name = Frameworks;
			sourceTree = "<group>";
		};
		20C85BD41C3242A50008AA9A /* shoddy */ = {
			isa = PBXGroup;
			children = (
				20C85BD61C3243130008AA9A /* shoddymodule.c */,
			);
			name = shoddy;
			sourceTree = "<group>";
		};
/* End PBXGroup section */

/* Begin PBXHeadersBuildPhase section */
		20C85BBD1C30F6B70008AA9A /* Headers */ = {
			isa = PBXHeadersBuildPhase;
			buildActionMask = 2147483647;
			files = (
			);
			runOnlyForDeploymentPostprocessing = 0;
		};
		20C85BCE1C32427E0008AA9A /* Headers */ = {
			isa = PBXHeadersBuildPhase;
			buildActionMask = 2147483647;
			files = (
			);
			runOnlyForDeploymentPostprocessing = 0;
		};
/* End PBXHeadersBuildPhase section */

/* Begin PBXNativeTarget section */
		20C85BBE1C30F6B70008AA9A /* noddy */ = {
			isa = PBXNativeTarget;
			buildConfigurationList = 20C85BC31C30F6B70008AA9A /* Build configuration list for PBXNativeTarget "noddy" */;
			buildPhases = (
				20C85BBB1C30F6B70008AA9A /* Sources */,
				20C85BBC1C30F6B70008AA9A /* Frameworks */,
				20C85BBD1C30F6B70008AA9A /* Headers */,
			);
			buildRules = (
			);
			dependencies = (
			);
			name = noddy;
			productName = noddy;
			productReference = 20C85BBF1C30F6B70008AA9A /* noddy.so */;
			productType = "com.apple.product-type.library.dynamic";
		};
		20C85BCF1C32427E0008AA9A /* shoddy */ = {
			isa = PBXNativeTarget;
			buildConfigurationList = 20C85BD31C32427F0008AA9A /* Build configuration list for PBXNativeTarget "shoddy" */;
			buildPhases = (
				20C85BCC1C32427E0008AA9A /* Sources */,
				20C85BCD1C32427E0008AA9A /* Frameworks */,
				20C85BCE1C32427E0008AA9A /* Headers */,
			);
			buildRules = (
			);
			dependencies = (
			);
			name = shoddy;
			productName = shoddy;
			productReference = 20C85BD01C32427E0008AA9A /* shoddy.so */;
			productType = "com.apple.product-type.library.dynamic";
		};
/* End PBXNativeTarget section */

/* Begin PBXProject section */
		20C85BB71C30F6B70008AA9A /* Project object */ = {
			isa = PBXProject;
			attributes = {
				LastUpgradeCheck = 0720;
				ORGANIZATIONNAME = lattesir;
				TargetAttributes = {
					20C85BBE1C30F6B70008AA9A = {
						CreatedOnToolsVersion = 7.2;
					};
					20C85BCF1C32427E0008AA9A = {
						CreatedOnToolsVersion = 7.2;
					};
				};
			};
			buildConfigurationList = 20C85BBA1C30F6B70008AA9A /* Build configuration list for PBXProject "noddy" */;
			compatibilityVersion = "Xcode 3.2";
			developmentRegion = English;
			hasScannedForEncodings = 0;
			knownRegions = (
				en,
			);
			mainGroup = 20C85BB61C30F6B70008AA9A;
			productRefGroup = 20C85BC01C30F6B70008AA9A /* Products */;
			projectDirPath = "";
			projectRoot = "";
			targets = (
				20C85BBE1C30F6B70008AA9A /* noddy */,
				20C85BCF1C32427E0008AA9A /* shoddy */,
			);
		};
/* End PBXProject section */

/* Begin PBXSourcesBuildPhase section */
		20C85BBB1C30F6B70008AA9A /* Sources */ = {
			isa = PBXSourcesBuildPhase;
			buildActionMask = 2147483647;
			files = (
				20C85BCB1C30F7650008AA9A /* noddymodule.c in Sources */,
			);
			runOnlyForDeploymentPostprocessing = 0;
		};
		20C85BCC1C32427E0008AA9A /* Sources */ = {
			isa = PBXSourcesBuildPhase;
			buildActionMask = 2147483647;
			files = (
				20C85BD71C3243130008AA9A /* shoddymodule.c in Sources */,
			);
			runOnlyForDeploymentPostprocessing = 0;
		};
/* End PBXSourcesBuildPhase section */

/* Begin XCBuildConfiguration section */
		20C85BC11C30F6B70008AA9A /* Debug */ = {
			isa = XCBuildConfiguration;
			buildSettings = {
				ALWAYS_SEARCH_USER_PATHS = NO;
				CLANG_CXX_LANGUAGE_STANDARD = "gnu++0x";
				CLANG_CXX_LIBRARY = "libc++";
				CLANG_ENABLE_MODULES = YES;
				CLANG_ENABLE_OBJC_ARC = YES;
				CLANG_WARN_BOOL_CONVERSION = YES;
				CLANG_WARN_CONSTANT_CONVERSION = YES;
				CLANG_WARN_DIRECT_OBJC_ISA_USAGE = YES_ERROR;
				CLANG_WARN_EMPTY_BODY = YES;
				CLANG_WARN_ENUM_CONVERSION = YES;
				CLANG_WARN_INT_CONVERSION = YES;
				CLANG_WARN_OBJC_ROOT_CLASS = YES_ERROR;
				CLANG_WARN_UNREACHABLE_CODE = YES;
				CLANG_WARN__DUPLICATE_METHOD_MATCH = YES;
				CODE_SIGN_IDENTITY = "-";
				COPY_PHASE_STRIP = NO;
				DEBUG_INFORMATION_FORMAT = dwarf;
				ENABLE_STRICT_OBJC_MSGSEND = YES;
				ENABLE_TESTABILITY = YES;
				GCC_C_LANGUAGE_STANDARD = gnu99;
				GCC_DYNAMIC_NO_PIC = NO;
				GCC_NO_COMMON_BLOCKS = YES;
				GCC_OPTIMIZATION_LEVEL = 0;
				GCC_PREPROCESSOR_DEFINITIONS = (
					"DEBUG=1",
					"$(inherited)",
				);
				GCC_WARN_64_TO_32_BIT_CONVERSION = YES;
				GCC_WARN_ABOUT_RETURN_TYPE = YES_ERROR;
				GCC_WARN_UNDECLARED_SELECTOR = YES;
				GCC_WARN_UNINITIALIZED_AUTOS = YES_AGGRESSIVE;
				GCC_WARN_UNUSED_FUNCTION = YES;
				GCC_WARN_UNUSED_VARIABLE = YES;
				MACOSX_DEPLOYMENT_TARGET = 10.11;
				MTL_ENABLE_DEBUG_INFO = YES;
				ONLY_ACTIVE_ARCH = YES;
				SDKROOT = macosx;
			};
			name = Debug;
		};
		20C85BC21C30F6B70008AA9A /* Release */ = {
			isa = XCBuildConfiguration;
			buildSettings = {
				ALWAYS_SEARCH_USER_PATHS = NO;
				CLANG_CXX_LANGUAGE_STANDARD = "gnu++0x";
				CLANG_CXX_LIBRARY = "libc++";
				CLANG_ENABLE_MODULES = YES;
				CLANG_ENABLE_OBJC_ARC = YES;
				CLANG_WARN_BOOL_CONVERSION = YES;
				CLANG_WARN_CONSTANT_CONVERSION = YES;
				CLANG_WARN_DIRECT_OBJC_ISA_USAGE = YES_ERROR;
				CLANG_WARN_EMPTY_BODY = YES;
				CLANG_WARN_ENUM_CONVERSION = YES;
				CLANG_WARN_INT_CONVERSION = YES;
				CLANG_WARN_OBJC_ROOT_CLASS = YES_ERROR;
				CLANG_WARN_UNREACHABLE_CODE = YES;
				CLANG_WARN__DUPLICATE_METHOD_MATCH = YES;
				CODE_SIGN_IDENTITY = "-";
				COPY_PHASE_STRIP = NO;
				DEBUG_INFORMATION_FORMAT = "dwarf-with-dsym";
				ENABLE_NS_ASSERTIONS = NO;
				ENABLE_STRICT_OBJC_MSGSEND = YES;
				GCC_C_LANGUAGE_STANDARD = gnu99;
				GCC_NO_COMMON_BLOCKS = YES;
				GCC_WARN_64_TO_32_BIT_CONVERSION = YES;
				GCC_WARN_ABOUT_RETURN_TYPE = YES_ERROR;
				GCC_WARN_UNDECLARED_SELECTOR = YES;
				GCC_WARN_UNINITIALIZED_AUTOS = YES_AGGRESSIVE;
				GCC_WARN_UNUSED_FUNCTION = YES;
				GCC_WARN_UNUSED_VARIABLE = YES;
				MACOSX_DEPLOYMENT_TARGET = 10.11;
				MTL_ENABLE_DEBUG_INFO = NO;
				SDKROOT = macosx;
			};
			name = Release;
		};
		20C85BC41C30F6B70008AA9A /* Debug */ = {
			isa = XCBuildConfiguration;
			buildSettings = {
				DYLIB_COMPATIBILITY_VERSION = 1;
				DYLIB_CURRENT_VERSION = 1;
				EXECUTABLE_EXTENSION = so;
				EXECUTABLE_PREFIX = "";
				HEADER_SEARCH_PATHS = /usr/local/Frameworks/Python.framework/Versions/3.5/Headers;
				LIBRARY_SEARCH_PATHS = (
					"$(inherited)",
					/usr/local/Cellar/python3/3.5.1/Frameworks/Python.framework/Versions/3.5/lib,
				);
				PRODUCT_NAME = "$(TARGET_NAME)";
			};
			name = Debug;
		};
		20C85BC51C30F6B70008AA9A /* Release */ = {
			isa = XCBuildConfiguration;
			buildSettings = {
				DYLIB_COMPATIBILITY_VERSION = 1;
				DYLIB_CURRENT_VERSION = 1;
				EXECUTABLE_EXTENSION = so;
				EXECUTABLE_PREFIX = "";
				HEADER_SEARCH_PATHS = /usr/local/Frameworks/Python.framework/Versions/3.5/Headers;
				LIBRARY_SEARCH_PATHS = (
					"$(inherited)",
					/usr/local/Cellar/python3/3.5.1/Frameworks/Python.framework/Versions/3.5/lib,
				);
				PRODUCT_NAME = "$(TARGET_NAME)";
			};
			name = Release;
		};
		20C85BD11C32427F0008AA9A /* Debug */ = {
			isa = XCBuildConfiguration;
			buildSettings = {
				DYLIB_COMPATIBILITY_VERSION = 1;
				DYLIB_CURRENT_VERSION = 1;
				EXECUTABLE_EXTENSION = so;
				EXECUTABLE_PREFIX = "";
				HEADER_SEARCH_PATHS = /usr/local/Frameworks/Python.framework/Versions/3.5/Headers;
				LIBRARY_SEARCH_PATHS = (
					"$(inherited)",
					/usr/local/Cellar/python3/3.5.1/Frameworks/Python.framework/Versions/3.5/lib,
				);
				PRODUCT_NAME = "$(TARGET_NAME)";
			};
			name = Debug;
		};
		20C85BD21C32427F0008AA9A /* Release */ = {
			isa = XCBuildConfiguration;
			buildSettings = {
				DYLIB_COMPATIBILITY_VERSION = 1;
				DYLIB_CURRENT_VERSION = 1;
				EXECUTABLE_EXTENSION = so;
				EXECUTABLE_PREFIX = "";
				HEADER_SEARCH_PATHS = /usr/local/Frameworks/Python.framework/Versions/3.5/Headers;
				LIBRARY_SEARCH_PATHS = (
					"$(inherited)",
					/usr/local/Cellar/python3/3.5.1/Frameworks/Python.framework/Versions/3.5/lib,
				);
				PRODUCT_NAME = "$(TARGET_NAME)";
			};
			name = Release;
		};
/* End XCBuildConfiguration section */

/* Begin XCConfigurationList section */
		20C85BBA1C30F6B70008AA9A /* Build configuration list for PBXProject "noddy" */ = {
			isa = XCConfigurationList;
			buildConfigurations = (
				20C85BC11C30F6B70008AA9A /* Debug */,
				20C85BC21C30F6B70008AA9A /* Release */,
			);
			defaultConfigurationIsVisible = 0;
			defaultConfigurationName = Release;
		};
		20C85BC31C30F6B70008AA9A /* Build configuration list for PBXNativeTarget "noddy" */ = {
			isa = XCConfigurationList;
			buildConfigurations = (
				20C85BC41C30F6B70008AA9A /* Debug */,
				20C85BC51C30F6B70008AA9A /* Release */,
			);
			defaultConfigurationIsVisible = 0;
			defaultConfigurationName = Release;
		};
		20C85BD31C32427F0008AA9A /* Build configuration list for PBXNativeTarget "shoddy" */ = {
			isa = XCConfigurationList;
			buildConfigurations = (
				20C85BD11C32427F0008AA9A /* Debug */,
				20C85BD21C32427F0008AA9A /* Release */,
			);
			defaultConfigurationIsVisible = 0;
		};
/* End XCConfigurationList section */
	};
	rootObject = 20C85BB71C30F6B70008AA9A /* Project object */;
}
